
Microsoft Visual Studio Solution File, Format Version 12.00
# Visual Studio 15
VisualStudioVersion = 15.0.28010.2036
MinimumVisualStudioVersion = 10.0.40219.1
Project("{FAE04EC0-301F-11D3-BF4B-00C04F79EFBC}") = "WCF", "WCF\WCF.csproj", "{B07B3DB7-CA56-4E3C-ABEB-6DED3F0A351B}"
EndProject
Global
	GlobalSection(SolutionConfigurationPlatforms) = preSolution
		Debug|Any CPU = Debug|Any CPU
		Release|Any CPU = Release|Any CPU
	EndGlobalSection
	GlobalSection(ProjectConfigurationPlatforms) = postSolution
		{B07B3DB7-CA56-4E3C-ABEB-6DED3F0A351B}.Debug|Any CPU.ActiveCfg = Debug|Any CPU
		{B07B3DB7-CA56-4E3C-ABEB-6DED3F0A351B}.Debug|Any CPU.Build.0 = Debug|Any CPU
		{B07B3DB7-CA56-4E3C-ABEB-6DED3F0A351B}.Release|Any CPU.ActiveCfg = Release|Any CPU
		{B07B3DB7-CA56-4E3C-ABEB-6DED3F0A351B}.Release|Any CPU.Build.0 = Release|Any CPU
	EndGlobalSection
	GlobalSection(SolutionProperties) = preSolution
		HideSolutionNode = FALSE
	EndGlobalSection
	GlobalSection(ExtensibilityGlobals) = postSolution
		SolutionGuid = {E56E295E-157E-40FC-91AF-EABF6CF352B7}
	EndGlobalSection
EndGlobal
